<?xml version="1.0" encoding="utf-8"?>
<Project ToolsVersion="4.0" xmlns="http://schemas.microsoft.com/developer/msbuild/2003">
  <ItemGroup>
    <Filter Include="소스 파일">
      <UniqueIdentifier>{4FC737F1-C7A5-4376-A066-2A32D752A2FF}</UniqueIdentifier>
      <Extensions>cpp;c;cc;cxx;c++;cppm;ixx;def;odl;idl;hpj;bat;asm;asmx</Extensions>
    </Filter>
    <Filter Include="헤더 파일">
      <UniqueIdentifier>{93995380-89BD-4b04-88EB-625FBE52EBFB}</UniqueIdentifier>
      <Extensions>h;hh;hpp;hxx;h++;hm;inl;inc;ipp;xsd</Extensions>
    </Filter>
    <Filter Include="리소스 파일">
      <UniqueIdentifier>{67DA6AB6-F800-4c08-8B7A-83BB121AAD01}</UniqueIdentifier>
      <Extensions>rc;ico;cur;bmp;dlg;rc2;rct;bin;rgs;gif;jpg;jpeg;jpe;resx;tiff;tif;png;wav;mfcribbon-ms</Extensions>
    </Filter>
  </ItemGroup>
  <ItemGroup>
    <ClInclude Include="..\..\..\최종 결과물\Escape_and_truth\모듈화연습\stories.h">
      <Filter>소스 파일</Filter>
    </ClInclude>
    <ClInclude Include="..\..\..\최종 결과물\Escape_and_truth\모듈화연습\game1.h">
      <Filter>소스 파일</Filter>
    </ClInclude>
    <ClInclude Include="..\..\..\최종 결과물\Escape_and_truth\모듈화연습\game2.h">
      <Filter>소스 파일</Filter>
    </ClInclude>
    <ClInclude Include="..\..\..\최종 결과물\Escape_and_truth\모듈화연습\game3.h">
      <Filter>소스 파일</Filter>
    </ClInclude>
    <ClInclude Include="..\..\..\최종 결과물\Escape_and_truth\모듈화연습\lastgame.h">
      <Filter>소스 파일</Filter>
    </ClInclude>
    <ClInclude Include="..\..\..\최종 결과물\Escape_and_truth\모듈화연습\startscreen.h">
      <Filter>소스 파일</Filter>
    </ClInclude>
    <ClInclude Include="game1.h">
      <Filter>헤더 파일</Filter>
    </ClInclude>
    <ClInclude Include="game2.h">
      <Filter>헤더 파일</Filter>
    </ClInclude>
    <ClInclude Include="game3.h">
      <Filter>헤더 파일</Filter>
    </ClInclude>
    <ClInclude Include="lastgame.h">
      <Filter>헤더 파일</Filter>
    </ClInclude>
    <ClInclude Include="startscreen.h">
      <Filter>헤더 파일</Filter>
    </ClInclude>
    <ClInclude Include="stories.h">
      <Filter>헤더 파일</Filter>
    </ClInclude>
  </ItemGroup>
  <ItemGroup>
    <ClCompile Include="game1.c">
      <Filter>소스 파일</Filter>
    </ClCompile>
    <ClCompile Include="game2.c">
      <Filter>소스 파일</Filter>
    </ClCompile>
    <ClCompile Include="game3.c">
      <Filter>소스 파일</Filter>
    </ClCompile>
    <ClCompile Include="lastgame.c">
      <Filter>소스 파일</Filter>
    </ClCompile>
    <ClCompile Include="main.c">
      <Filter>소스 파일</Filter>
    </ClCompile>
    <ClCompile Include="startscreen.c">
      <Filter>소스 파일</Filter>
    </ClCompile>
    <ClCompile Include="stories.c">
      <Filter>소스 파일</Filter>
    </ClCompile>
  </ItemGroup>
</Project>